github.com/jhonsferg/relay v0.1.12 h1:O81JdfwbQCNNULl42H2oGmNVLgVOAKgKdqhd+LMNxJ8=
github.com/jhonsferg/relay v0.1.12/go.mod h1:w4AP3tyYOUhiO5KtzM1bF715rsB88fJRUh4AHq836rk=
golang.org/x/sync v0.19.0 h1:vV+1eWNmZ5geRlYjzm2adRgW2/mcpevXNg50YZtPCE4=
golang.org/x/sync v0.19.0/go.mod h1:9KTHXmSnoGruLpwFjVSX0lNNA75CykiMECbovNTZqGI=
